
Microsoft Visual Studio Solution File, Format Version 12.00
# Visual Studio Version 16
VisualStudioVersion = 16.0.29519.181
MinimumVisualStudioVersion = 10.0.40219.1
Project("{FAE04EC0-301F-11D3-BF4B-00C04F79EFBC}") = "WebApi", "WebApi\WebApi.csproj", "{A8799794-373A-4210-9CEA-63DCE47536BA}"
EndProject
Project("{9A19103F-16F7-4668-BE54-9A1E7A4F7556}") = "Models", "Models\Models.csproj", "{602866D9-DFD9-4768-B499-34523424170C}"
EndProject
Project("{9A19103F-16F7-4668-BE54-9A1E7A4F7556}") = "DAL", "DAL\DAL.csproj", "{C7138EFD-D204-4841-AA84-EB2D423AE6B6}"
EndProject
Global
	GlobalSection(SolutionConfigurationPlatforms) = preSolution
		Debug|Any CPU = Debug|Any CPU
		Release|Any CPU = Release|Any CPU
	EndGlobalSection
	GlobalSection(ProjectConfigurationPlatforms) = postSolution
		{A8799794-373A-4210-9CEA-63DCE47536BA}.Debug|Any CPU.ActiveCfg = Debug|Any CPU
		{A8799794-373A-4210-9CEA-63DCE47536BA}.Debug|Any CPU.Build.0 = Debug|Any CPU
		{A8799794-373A-4210-9CEA-63DCE47536BA}.Release|Any CPU.ActiveCfg = Release|Any CPU
		{A8799794-373A-4210-9CEA-63DCE47536BA}.Release|Any CPU.Build.0 = Release|Any CPU
		{602866D9-DFD9-4768-B499-34523424170C}.Debug|Any CPU.ActiveCfg = Debug|Any CPU
		{602866D9-DFD9-4768-B499-34523424170C}.Debug|Any CPU.Build.0 = Debug|Any CPU
		{602866D9-DFD9-4768-B499-34523424170C}.Release|Any CPU.ActiveCfg = Release|Any CPU
		{602866D9-DFD9-4768-B499-34523424170C}.Release|Any CPU.Build.0 = Release|Any CPU
		{C7138EFD-D204-4841-AA84-EB2D423AE6B6}.Debug|Any CPU.ActiveCfg = Debug|Any CPU
		{C7138EFD-D204-4841-AA84-EB2D423AE6B6}.Debug|Any CPU.Build.0 = Debug|Any CPU
		{C7138EFD-D204-4841-AA84-EB2D423AE6B6}.Release|Any CPU.ActiveCfg = Release|Any CPU
		{C7138EFD-D204-4841-AA84-EB2D423AE6B6}.Release|Any CPU.Build.0 = Release|Any CPU
	EndGlobalSection
	GlobalSection(SolutionProperties) = preSolution
		HideSolutionNode = FALSE
	EndGlobalSection
	GlobalSection(ExtensibilityGlobals) = postSolution
		SolutionGuid = {8351D5D5-86EC-444E-B7EB-00969A1BE61F}
	EndGlobalSection
EndGlobal
